
Microsoft Visual Studio Solution File, Format Version 12.00
# Visual Studio Version 16
VisualStudioVersion = 16.0.31515.178
MinimumVisualStudioVersion = 10.0.40219.1
Project("{FAE04EC0-301F-11D3-BF4B-00C04F79EFBC}") = "Breakthrough", "Breakthrough\Breakthrough.csproj", "{824EDE11-7B37-4BB9-B1D8-A55A9ECD2C2A}"
EndProject
Global
	GlobalSection(SolutionConfigurationPlatforms) = preSolution
		Debug|Any CPU = Debug|Any CPU
		Release|Any CPU = Release|Any CPU
	EndGlobalSection
	GlobalSection(ProjectConfigurationPlatforms) = postSolution
		{824EDE11-7B37-4BB9-B1D8-A55A9ECD2C2A}.Debug|Any CPU.ActiveCfg = Debug|Any CPU
		{824EDE11-7B37-4BB9-B1D8-A55A9ECD2C2A}.Debug|Any CPU.Build.0 = Debug|Any CPU
		{824EDE11-7B37-4BB9-B1D8-A55A9ECD2C2A}.Release|Any CPU.ActiveCfg = Release|Any CPU
		{824EDE11-7B37-4BB9-B1D8-A55A9ECD2C2A}.Release|Any CPU.Build.0 = Release|Any CPU
	EndGlobalSection
	GlobalSection(SolutionProperties) = preSolution
		HideSolutionNode = FALSE
	EndGlobalSection
	GlobalSection(ExtensibilityGlobals) = postSolution
		SolutionGuid = {6C7DA2CB-68E1-4257-8AFA-6DD85DF16BA5}
	EndGlobalSection
EndGlobal
